{
    "_meta": {
        "hash": {
            "sha256": "155187e5d73951a09e657512320f47317b2a66c1e029218ed929ba575f313f8e"
        },
        "pipfile-spec": 6,
        "requires": {
            "python_version": "3.10"
        },
        "sources": [
            {
                "name": "pypi",
                "url": "https://pypi.org/simple",
                "verify_ssl": true
            }
        ]
    },
    "default": {},
    "develop": {}
}
